
Microsoft Visual Studio Solution File, Format Version 12.00
# Visual Studio Version 17
VisualStudioVersion = 17.7.34024.191
MinimumVisualStudioVersion = 10.0.40219.1
Project("{9A19103F-16F7-4668-BE54-9A1E7A4F7556}") = "Helth-User", "Helth-User\Helth-User.csproj", "{FBC675B8-EE44-40D3-8BB9-964D4561D43C}"
EndProject
Project("{9A19103F-16F7-4668-BE54-9A1E7A4F7556}") = "Shoppinglista", "Shoppinglista\Shoppinglista.csproj", "{8A8AA4E7-ECFE-49F5-AA99-B7E2EA197CAF}"
EndProject
Project("{9A19103F-16F7-4668-BE54-9A1E7A4F7556}") = "Todo-lista", "Todo-lista\Todo-lista.csproj", "{2B037729-62DA-4F2F-9E7E-9F5F8F871D2C}"
EndProject
Project("{FAE04EC0-301F-11D3-BF4B-00C04F79EFBC}") = "Bokhandelsapplikation", "Bokhandelsapplikation\Bokhandelsapplikation.csproj", "{8A95E125-0F97-4FE0-B72F-943982985FEA}"
EndProject
Project("{FAE04EC0-301F-11D3-BF4B-00C04F79EFBC}") = "MauiApp1", "MauiApp1\MauiApp1.csproj", "{1B9B0B06-CADC-421F-9D7A-9B2CBCC35F37}"
EndProject
Project("{FAE04EC0-301F-11D3-BF4B-00C04F79EFBC}") = "MauiApp2", "MauiApp2\MauiApp2.csproj", "{6EB38AFE-9194-467C-834B-6B6D697B5376}"
EndProject
Global
	GlobalSection(SolutionConfigurationPlatforms) = preSolution
		Debug|Any CPU = Debug|Any CPU
		Release|Any CPU = Release|Any CPU
	EndGlobalSection
	GlobalSection(ProjectConfigurationPlatforms) = postSolution
		{FBC675B8-EE44-40D3-8BB9-964D4561D43C}.Debug|Any CPU.ActiveCfg = Debug|Any CPU
		{FBC675B8-EE44-40D3-8BB9-964D4561D43C}.Debug|Any CPU.Build.0 = Debug|Any CPU
		{FBC675B8-EE44-40D3-8BB9-964D4561D43C}.Release|Any CPU.ActiveCfg = Release|Any CPU
		{FBC675B8-EE44-40D3-8BB9-964D4561D43C}.Release|Any CPU.Build.0 = Release|Any CPU
		{8A8AA4E7-ECFE-49F5-AA99-B7E2EA197CAF}.Debug|Any CPU.ActiveCfg = Debug|Any CPU
		{8A8AA4E7-ECFE-49F5-AA99-B7E2EA197CAF}.Debug|Any CPU.Build.0 = Debug|Any CPU
		{8A8AA4E7-ECFE-49F5-AA99-B7E2EA197CAF}.Release|Any CPU.ActiveCfg = Release|Any CPU
		{8A8AA4E7-ECFE-49F5-AA99-B7E2EA197CAF}.Release|Any CPU.Build.0 = Release|Any CPU
		{2B037729-62DA-4F2F-9E7E-9F5F8F871D2C}.Debug|Any CPU.ActiveCfg = Debug|Any CPU
		{2B037729-62DA-4F2F-9E7E-9F5F8F871D2C}.Debug|Any CPU.Build.0 = Debug|Any CPU
		{2B037729-62DA-4F2F-9E7E-9F5F8F871D2C}.Release|Any CPU.ActiveCfg = Release|Any CPU
		{2B037729-62DA-4F2F-9E7E-9F5F8F871D2C}.Release|Any CPU.Build.0 = Release|Any CPU
		{8A95E125-0F97-4FE0-B72F-943982985FEA}.Debug|Any CPU.ActiveCfg = Debug|Any CPU
		{8A95E125-0F97-4FE0-B72F-943982985FEA}.Debug|Any CPU.Build.0 = Debug|Any CPU
		{8A95E125-0F97-4FE0-B72F-943982985FEA}.Release|Any CPU.ActiveCfg = Release|Any CPU
		{8A95E125-0F97-4FE0-B72F-943982985FEA}.Release|Any CPU.Build.0 = Release|Any CPU
		{1B9B0B06-CADC-421F-9D7A-9B2CBCC35F37}.Debug|Any CPU.ActiveCfg = Debug|Any CPU
		{1B9B0B06-CADC-421F-9D7A-9B2CBCC35F37}.Debug|Any CPU.Build.0 = Debug|Any CPU
		{1B9B0B06-CADC-421F-9D7A-9B2CBCC35F37}.Debug|Any CPU.Deploy.0 = Debug|Any CPU
		{1B9B0B06-CADC-421F-9D7A-9B2CBCC35F37}.Release|Any CPU.ActiveCfg = Release|Any CPU
		{1B9B0B06-CADC-421F-9D7A-9B2CBCC35F37}.Release|Any CPU.Build.0 = Release|Any CPU
		{1B9B0B06-CADC-421F-9D7A-9B2CBCC35F37}.Release|Any CPU.Deploy.0 = Release|Any CPU
		{6EB38AFE-9194-467C-834B-6B6D697B5376}.Debug|Any CPU.ActiveCfg = Debug|Any CPU
		{6EB38AFE-9194-467C-834B-6B6D697B5376}.Debug|Any CPU.Build.0 = Debug|Any CPU
		{6EB38AFE-9194-467C-834B-6B6D697B5376}.Debug|Any CPU.Deploy.0 = Debug|Any CPU
		{6EB38AFE-9194-467C-834B-6B6D697B5376}.Release|Any CPU.ActiveCfg = Release|Any CPU
		{6EB38AFE-9194-467C-834B-6B6D697B5376}.Release|Any CPU.Build.0 = Release|Any CPU
		{6EB38AFE-9194-467C-834B-6B6D697B5376}.Release|Any CPU.Deploy.0 = Release|Any CPU
	EndGlobalSection
	GlobalSection(SolutionProperties) = preSolution
		HideSolutionNode = FALSE
	EndGlobalSection
	GlobalSection(ExtensibilityGlobals) = postSolution
		SolutionGuid = {31960A75-72E1-4BA8-B24D-5304EF8AD01F}
	EndGlobalSection
EndGlobal
